
Microsoft Visual Studio Solution File, Format Version 12.00
# Visual Studio Version 16
VisualStudioVersion = 16.0.31112.23
MinimumVisualStudioVersion = 10.0.40219.1
Project("{FAE04EC0-301F-11D3-BF4B-00C04F79EFBC}") = "AccountCreationTools", "AutomationTesting\AccountCreationTools.csproj", "{60B52612-3648-4B47-8DD7-CDAF32DBA942}"
EndProject
Global
	GlobalSection(SolutionConfigurationPlatforms) = preSolution
		Debug|Any CPU = Debug|Any CPU
		Release|Any CPU = Release|Any CPU
	EndGlobalSection
	GlobalSection(ProjectConfigurationPlatforms) = postSolution
		{60B52612-3648-4B47-8DD7-CDAF32DBA942}.Debug|Any CPU.ActiveCfg = Debug|Any CPU
		{60B52612-3648-4B47-8DD7-CDAF32DBA942}.Debug|Any CPU.Build.0 = Debug|Any CPU
		{60B52612-3648-4B47-8DD7-CDAF32DBA942}.Release|Any CPU.ActiveCfg = Release|Any CPU
		{60B52612-3648-4B47-8DD7-CDAF32DBA942}.Release|Any CPU.Build.0 = Release|Any CPU
	EndGlobalSection
	GlobalSection(SolutionProperties) = preSolution
		HideSolutionNode = FALSE
	EndGlobalSection
	GlobalSection(ExtensibilityGlobals) = postSolution
		SolutionGuid = {DD078221-8409-4181-BF02-52230686498A}
	EndGlobalSection
EndGlobal
